
Microsoft Visual Studio Solution File, Format Version 12.00
# Visual Studio Version 16
VisualStudioVersion = 16.0.28922.388
MinimumVisualStudioVersion = 10.0.40219.1
Project("{9A19103F-16F7-4668-BE54-9A1E7A4F7556}") = "Sillycore", "Sillycore\Sillycore.csproj", "{366EAE5E-8CB3-4DC7-84FA-DD78E2C77683}"
EndProject
Project("{2150E333-8FDC-42A3-9474-1A3956D46DE8}") = "Solution Items", "Solution Items", "{8C058D17-A8C3-497F-8637-6FED7A849BA1}"
	ProjectSection(SolutionItems) = preProject
		.gitattributes = .gitattributes
		.gitignore = .gitignore
		appveyor.yml = appveyor.yml
		build.ps1 = build.ps1
		README.md = README.md
	EndProjectSection
EndProject
Project("{9A19103F-16F7-4668-BE54-9A1E7A4F7556}") = "Sillycore.Web", "Sillycore.Web\Sillycore.Web.csproj", "{A9ED9401-2F7C-4DD6-9277-27879801A2B2}"
EndProject
Project("{2150E333-8FDC-42A3-9474-1A3956D46DE8}") = "Samples", "Samples", "{583056BC-14D3-4671-8A53-E46F4AB6B8F9}"
EndProject
Project("{9A19103F-16F7-4668-BE54-9A1E7A4F7556}") = "ConsoleApp", "Samples\ConsoleApp\ConsoleApp.csproj", "{71E12D22-CF71-4326-B2B5-6C7DCC0EDDBA}"
EndProject
Project("{9A19103F-16F7-4668-BE54-9A1E7A4F7556}") = "WebApplication", "Samples\WebApplication\WebApplication.csproj", "{5483ED34-AF6C-4250-B496-46E3F1E97C53}"
EndProject
Project("{9A19103F-16F7-4668-BE54-9A1E7A4F7556}") = "Sillycore.NLog", "Sillycore.NLog\Sillycore.NLog.csproj", "{9BF31944-09E3-47EC-9D62-69AD61F6CE79}"
EndProject
Project("{9A19103F-16F7-4668-BE54-9A1E7A4F7556}") = "Sillycore.EntityFramework", "Sillycore.EntityFramework\Sillycore.EntityFramework.csproj", "{C1201FA9-5592-4032-8F1F-7D7CFC8FDBC3}"
EndProject
Project("{9A19103F-16F7-4668-BE54-9A1E7A4F7556}") = "Sillycore.RabbitMq", "Sillycore.RabbitMq\Sillycore.RabbitMq.csproj", "{7458680C-28FE-46DD-9257-C0027E45AB72}"
EndProject
Project("{9A19103F-16F7-4668-BE54-9A1E7A4F7556}") = "Sillycore.RestClient", "Sillycore.RestClient\Sillycore.RestClient.csproj", "{02030F08-CA3E-4872-927C-9F5BFE33A218}"
EndProject
Project("{9A19103F-16F7-4668-BE54-9A1E7A4F7556}") = "Sillycore.RestClient.Tests", "Sillycore.RestClient.Tests\Sillycore.RestClient.Tests.csproj", "{75CD79F8-DF6D-4F66-BD68-1F490DB03CB3}"
EndProject
Project("{9A19103F-16F7-4668-BE54-9A1E7A4F7556}") = "Sillycore.Daemon", "Sillycore.Daemon\Sillycore.Daemon.csproj", "{DC6FE474-299E-4505-9272-604E92D9D8BB}"
EndProject
Project("{9A19103F-16F7-4668-BE54-9A1E7A4F7556}") = "Sillycore.EntityFramework.Tests", "Sillycore.EntityFramework.Tests\Sillycore.EntityFramework.Tests.csproj", "{BA98D558-CD0D-40CB-A0B9-ED49EB680379}"
EndProject
Project("{2150E333-8FDC-42A3-9474-1A3956D46DE8}") = "Tests", "Tests", "{D58D20FE-F120-40C7-A87C-E9CCEE4F93CE}"
EndProject
Project("{FAE04EC0-301F-11D3-BF4B-00C04F79EFBC}") = "Sillycore.Serilog", "Sillycore.Serilog\Sillycore.Serilog.csproj", "{CC99C170-E8E4-4BBD-85AE-006542CFA45A}"
EndProject
Global
	GlobalSection(SolutionConfigurationPlatforms) = preSolution
		Debug|Any CPU = Debug|Any CPU
		Release|Any CPU = Release|Any CPU
	EndGlobalSection
	GlobalSection(ProjectConfigurationPlatforms) = postSolution
		{366EAE5E-8CB3-4DC7-84FA-DD78E2C77683}.Debug|Any CPU.ActiveCfg = Debug|Any CPU
		{366EAE5E-8CB3-4DC7-84FA-DD78E2C77683}.Debug|Any CPU.Build.0 = Debug|Any CPU
		{366EAE5E-8CB3-4DC7-84FA-DD78E2C77683}.Release|Any CPU.ActiveCfg = Release|Any CPU
		{366EAE5E-8CB3-4DC7-84FA-DD78E2C77683}.Release|Any CPU.Build.0 = Release|Any CPU
		{A9ED9401-2F7C-4DD6-9277-27879801A2B2}.Debug|Any CPU.ActiveCfg = Debug|Any CPU
		{A9ED9401-2F7C-4DD6-9277-27879801A2B2}.Debug|Any CPU.Build.0 = Debug|Any CPU
		{A9ED9401-2F7C-4DD6-9277-27879801A2B2}.Release|Any CPU.ActiveCfg = Release|Any CPU
		{A9ED9401-2F7C-4DD6-9277-27879801A2B2}.Release|Any CPU.Build.0 = Release|Any CPU
		{71E12D22-CF71-4326-B2B5-6C7DCC0EDDBA}.Debug|Any CPU.ActiveCfg = Debug|Any CPU
		{71E12D22-CF71-4326-B2B5-6C7DCC0EDDBA}.Debug|Any CPU.Build.0 = Debug|Any CPU
		{71E12D22-CF71-4326-B2B5-6C7DCC0EDDBA}.Release|Any CPU.ActiveCfg = Release|Any CPU
		{71E12D22-CF71-4326-B2B5-6C7DCC0EDDBA}.Release|Any CPU.Build.0 = Release|Any CPU
		{5483ED34-AF6C-4250-B496-46E3F1E97C53}.Debug|Any CPU.ActiveCfg = Debug|Any CPU
		{5483ED34-AF6C-4250-B496-46E3F1E97C53}.Debug|Any CPU.Build.0 = Debug|Any CPU
		{5483ED34-AF6C-4250-B496-46E3F1E97C53}.Release|Any CPU.ActiveCfg = Release|Any CPU
		{5483ED34-AF6C-4250-B496-46E3F1E97C53}.Release|Any CPU.Build.0 = Release|Any CPU
		{9BF31944-09E3-47EC-9D62-69AD61F6CE79}.Debug|Any CPU.ActiveCfg = Debug|Any CPU
		{9BF31944-09E3-47EC-9D62-69AD61F6CE79}.Debug|Any CPU.Build.0 = Debug|Any CPU
		{9BF31944-09E3-47EC-9D62-69AD61F6CE79}.Release|Any CPU.ActiveCfg = Release|Any CPU
		{9BF31944-09E3-47EC-9D62-69AD61F6CE79}.Release|Any CPU.Build.0 = Release|Any CPU
		{C1201FA9-5592-4032-8F1F-7D7CFC8FDBC3}.Debug|Any CPU.ActiveCfg = Debug|Any CPU
		{C1201FA9-5592-4032-8F1F-7D7CFC8FDBC3}.Debug|Any CPU.Build.0 = Debug|Any CPU
		{C1201FA9-5592-4032-8F1F-7D7CFC8FDBC3}.Release|Any CPU.ActiveCfg = Release|Any CPU
		{C1201FA9-5592-4032-8F1F-7D7CFC8FDBC3}.Release|Any CPU.Build.0 = Release|Any CPU
		{7458680C-28FE-46DD-9257-C0027E45AB72}.Debug|Any CPU.ActiveCfg = Debug|Any CPU
		{7458680C-28FE-46DD-9257-C0027E45AB72}.Debug|Any CPU.Build.0 = Debug|Any CPU
		{7458680C-28FE-46DD-9257-C0027E45AB72}.Release|Any CPU.ActiveCfg = Release|Any CPU
		{7458680C-28FE-46DD-9257-C0027E45AB72}.Release|Any CPU.Build.0 = Release|Any CPU
		{02030F08-CA3E-4872-927C-9F5BFE33A218}.Debug|Any CPU.ActiveCfg = Debug|Any CPU
		{02030F08-CA3E-4872-927C-9F5BFE33A218}.Debug|Any CPU.Build.0 = Debug|Any CPU
		{02030F08-CA3E-4872-927C-9F5BFE33A218}.Release|Any CPU.ActiveCfg = Release|Any CPU
		{02030F08-CA3E-4872-927C-9F5BFE33A218}.Release|Any CPU.Build.0 = Release|Any CPU
		{75CD79F8-DF6D-4F66-BD68-1F490DB03CB3}.Debug|Any CPU.ActiveCfg = Debug|Any CPU
		{75CD79F8-DF6D-4F66-BD68-1F490DB03CB3}.Debug|Any CPU.Build.0 = Debug|Any CPU
		{75CD79F8-DF6D-4F66-BD68-1F490DB03CB3}.Release|Any CPU.ActiveCfg = Release|Any CPU
		{75CD79F8-DF6D-4F66-BD68-1F490DB03CB3}.Release|Any CPU.Build.0 = Release|Any CPU
		{DC6FE474-299E-4505-9272-604E92D9D8BB}.Debug|Any CPU.ActiveCfg = Debug|Any CPU
		{DC6FE474-299E-4505-9272-604E92D9D8BB}.Debug|Any CPU.Build.0 = Debug|Any CPU
		{DC6FE474-299E-4505-9272-604E92D9D8BB}.Release|Any CPU.ActiveCfg = Release|Any CPU
		{DC6FE474-299E-4505-9272-604E92D9D8BB}.Release|Any CPU.Build.0 = Release|Any CPU
		{BA98D558-CD0D-40CB-A0B9-ED49EB680379}.Debug|Any CPU.ActiveCfg = Debug|Any CPU
		{BA98D558-CD0D-40CB-A0B9-ED49EB680379}.Debug|Any CPU.Build.0 = Debug|Any CPU
		{BA98D558-CD0D-40CB-A0B9-ED49EB680379}.Release|Any CPU.ActiveCfg = Release|Any CPU
		{BA98D558-CD0D-40CB-A0B9-ED49EB680379}.Release|Any CPU.Build.0 = Release|Any CPU
		{CC99C170-E8E4-4BBD-85AE-006542CFA45A}.Debug|Any CPU.ActiveCfg = Debug|Any CPU
		{CC99C170-E8E4-4BBD-85AE-006542CFA45A}.Debug|Any CPU.Build.0 = Debug|Any CPU
		{CC99C170-E8E4-4BBD-85AE-006542CFA45A}.Release|Any CPU.ActiveCfg = Release|Any CPU
		{CC99C170-E8E4-4BBD-85AE-006542CFA45A}.Release|Any CPU.Build.0 = Release|Any CPU
	EndGlobalSection
	GlobalSection(SolutionProperties) = preSolution
		HideSolutionNode = FALSE
	EndGlobalSection
	GlobalSection(NestedProjects) = preSolution
		{71E12D22-CF71-4326-B2B5-6C7DCC0EDDBA} = {583056BC-14D3-4671-8A53-E46F4AB6B8F9}
		{5483ED34-AF6C-4250-B496-46E3F1E97C53} = {583056BC-14D3-4671-8A53-E46F4AB6B8F9}
		{75CD79F8-DF6D-4F66-BD68-1F490DB03CB3} = {D58D20FE-F120-40C7-A87C-E9CCEE4F93CE}
		{BA98D558-CD0D-40CB-A0B9-ED49EB680379} = {D58D20FE-F120-40C7-A87C-E9CCEE4F93CE}
	EndGlobalSection
	GlobalSection(ExtensibilityGlobals) = postSolution
		SolutionGuid = {E6C78FCE-F5DA-45B5-B9D3-F5F8A855B296}
	EndGlobalSection
EndGlobal
